
Microsoft Visual Studio Solution File, Format Version 11.00
# Visual Studio 2010
Project("{8BC9CEB8-8B4A-11D0-8D11-00A0C91BC942}") = "testProj2010", "testProj2010\testProj2010.vcxproj", "{6B3E396E-F0A2-4273-90A4-BB303D81D000}"
EndProject
Project("{8BC9CEB8-8B4A-11D0-8D11-00A0C91BC942}") = "googletest", "googletest\googletest.vcxproj", "{885D06FF-E485-43F9-8A82-E783BEED46EF}"
EndProject
Project("{8BC9CEB8-8B4A-11D0-8D11-00A0C91BC942}") = "unittests", "unittests\unittests.vcxproj", "{4D81E06E-2AEC-4A1A-BE53-5381A9937936}"
EndProject
Global
	GlobalSection(SolutionConfigurationPlatforms) = preSolution
		Debug|Win32 = Debug|Win32
		Release|Win32 = Release|Win32
	EndGlobalSection
	GlobalSection(ProjectConfigurationPlatforms) = postSolution
		{6B3E396E-F0A2-4273-90A4-BB303D81D000}.Debug|Win32.ActiveCfg = Debug|Win32
		{6B3E396E-F0A2-4273-90A4-BB303D81D000}.Debug|Win32.Build.0 = Debug|Win32
		{6B3E396E-F0A2-4273-90A4-BB303D81D000}.Release|Win32.ActiveCfg = Release|Win32
		{6B3E396E-F0A2-4273-90A4-BB303D81D000}.Release|Win32.Build.0 = Release|Win32
		{885D06FF-E485-43F9-8A82-E783BEED46EF}.Debug|Win32.ActiveCfg = Debug|Win32
		{885D06FF-E485-43F9-8A82-E783BEED46EF}.Debug|Win32.Build.0 = Debug|Win32
		{885D06FF-E485-43F9-8A82-E783BEED46EF}.Release|Win32.ActiveCfg = Release|Win32
		{885D06FF-E485-43F9-8A82-E783BEED46EF}.Release|Win32.Build.0 = Release|Win32
		{4D81E06E-2AEC-4A1A-BE53-5381A9937936}.Debug|Win32.ActiveCfg = Debug|Win32
		{4D81E06E-2AEC-4A1A-BE53-5381A9937936}.Debug|Win32.Build.0 = Debug|Win32
		{4D81E06E-2AEC-4A1A-BE53-5381A9937936}.Release|Win32.ActiveCfg = Release|Win32
		{4D81E06E-2AEC-4A1A-BE53-5381A9937936}.Release|Win32.Build.0 = Release|Win32
	EndGlobalSection
	GlobalSection(SolutionProperties) = preSolution
		HideSolutionNode = FALSE
	EndGlobalSection
EndGlobal
